// !$*UTF8*$!
{
	archiveVersion = 1;
	classes = {
	};
	objectVersion = 51;
	objects = {

/* Begin PBXBuildFile section */
		7C1CACC79FCE837A60E33AA6 /* Pods_MNews.framework in Frameworks */ = {isa = PBXBuildFile; fileRef = 5088ECBCD7508BF98CC11094 /* Pods_MNews.framework */; };
		84160B22248C3D34002F719B /* LoadingCell.swift in Sources */ = {isa = PBXBuildFile; fileRef = 84160B20248C3D34002F719B /* LoadingCell.swift */; };
		84160B23248C3D34002F719B /* LoadingCell.xib in Resources */ = {isa = PBXBuildFile; fileRef = 84160B21248C3D34002F719B /* LoadingCell.xib */; };
		84160B25248E632F002F719B /* DetailViewController.swift in Sources */ = {isa = PBXBuildFile; fileRef = 84160B24248E632F002F719B /* DetailViewController.swift */; };
		8439F6CD247FD74100B2D2FC /* Empty.swift in Sources */ = {isa = PBXBuildFile; fileRef = 8439F6CC247FD74100B2D2FC /* Empty.swift */; };
		843B2E92247F7BAB0050A06C /* AppDelegate.swift in Sources */ = {isa = PBXBuildFile; fileRef = 843B2E91247F7BAB0050A06C /* AppDelegate.swift */; };
		843B2E94247F7BAB0050A06C /* SceneDelegate.swift in Sources */ = {isa = PBXBuildFile; fileRef = 843B2E93247F7BAB0050A06C /* SceneDelegate.swift */; };
		843B2E96247F7BAB0050A06C /* NewsViewController.swift in Sources */ = {isa = PBXBuildFile; fileRef = 843B2E95247F7BAB0050A06C /* NewsViewController.swift */; };
		843B2E99247F7BAB0050A06C /* Main.storyboard in Resources */ = {isa = PBXBuildFile; fileRef = 843B2E97247F7BAB0050A06C /* Main.storyboard */; };
		843B2E9B247F7BAF0050A06C /* Assets.xcassets in Resources */ = {isa = PBXBuildFile; fileRef = 843B2E9A247F7BAF0050A06C /* Assets.xcassets */; };
		843B2E9E247F7BAF0050A06C /* LaunchScreen.storyboard in Resources */ = {isa = PBXBuildFile; fileRef = 843B2E9C247F7BAF0050A06C /* LaunchScreen.storyboard */; };
/* End PBXBuildFile section */

/* Begin PBXFileReference section */
		5088ECBCD7508BF98CC11094 /* Pods_MNews.framework */ = {isa = PBXFileReference; explicitFileType = wrapper.framework; includeInIndex = 0; path = Pods_MNews.framework; sourceTree = BUILT_PRODUCTS_DIR; };
		5537494C6164CA7E0B681C4F /* Pods-MNews.debug.xcconfig */ = {isa = PBXFileReference; includeInIndex = 1; lastKnownFileType = text.xcconfig; name = "Pods-MNews.debug.xcconfig"; path = "Target Support Files/Pods-MNews/Pods-MNews.debug.xcconfig"; sourceTree = "<group>"; };
		84160B20248C3D34002F719B /* LoadingCell.swift */ = {isa = PBXFileReference; lastKnownFileType = sourcecode.swift; path = LoadingCell.swift; sourceTree = "<group>"; };
		84160B21248C3D34002F719B /* LoadingCell.xib */ = {isa = PBXFileReference; lastKnownFileType = file.xib; path = LoadingCell.xib; sourceTree = "<group>"; };
		84160B24248E632F002F719B /* DetailViewController.swift */ = {isa = PBXFileReference; lastKnownFileType = sourcecode.swift; name = DetailViewController.swift; path = MNews/View/DetailViewController.swift; sourceTree = SOURCE_ROOT; };
		8439F6CC247FD74100B2D2FC /* Empty.swift */ = {isa = PBXFileReference; lastKnownFileType = sourcecode.swift; path = Empty.swift; sourceTree = "<group>"; };
		843B2E8E247F7BAB0050A06C /* MNews.app */ = {isa = PBXFileReference; explicitFileType = wrapper.application; includeInIndex = 0; path = MNews.app; sourceTree = BUILT_PRODUCTS_DIR; };
		843B2E91247F7BAB0050A06C /* AppDelegate.swift */ = {isa = PBXFileReference; lastKnownFileType = sourcecode.swift; path = AppDelegate.swift; sourceTree = "<group>"; };
		843B2E93247F7BAB0050A06C /* SceneDelegate.swift */ = {isa = PBXFileReference; lastKnownFileType = sourcecode.swift; path = SceneDelegate.swift; sourceTree = "<group>"; };
		843B2E95247F7BAB0050A06C /* NewsViewController.swift */ = {isa = PBXFileReference; lastKnownFileType = sourcecode.swift; path = NewsViewController.swift; sourceTree = "<group>"; };
		843B2E98247F7BAB0050A06C /* Base */ = {isa = PBXFileReference; lastKnownFileType = file.storyboard; name = Base; path = Base.lproj/Main.storyboard; sourceTree = "<group>"; };
		843B2E9A247F7BAF0050A06C /* Assets.xcassets */ = {isa = PBXFileReference; lastKnownFileType = folder.assetcatalog; path = Assets.xcassets; sourceTree = "<group>"; };
		843B2E9D247F7BAF0050A06C /* Base */ = {isa = PBXFileReference; lastKnownFileType = file.storyboard; name = Base; path = Base.lproj/LaunchScreen.storyboard; sourceTree = "<group>"; };
		843B2E9F247F7BAF0050A06C /* Info.plist */ = {isa = PBXFileReference; lastKnownFileType = text.plist.xml; path = Info.plist; sourceTree = "<group>"; };
		EF1C5DBC5620CE03D21CBE4C /* Pods-MNews.release.xcconfig */ = {isa = PBXFileReference; includeInIndex = 1; lastKnownFileType = text.xcconfig; name = "Pods-MNews.release.xcconfig"; path = "Target Support Files/Pods-MNews/Pods-MNews.release.xcconfig"; sourceTree = "<group>"; };
/* End PBXFileReference section */

/* Begin PBXFrameworksBuildPhase section */
		843B2E8B247F7BAB0050A06C /* Frameworks */ = {
			isa = PBXFrameworksBuildPhase;
			buildActionMask = 2147483647;
			files = (
				7C1CACC79FCE837A60E33AA6 /* Pods_MNews.framework in Frameworks */,
			);
			runOnlyForDeploymentPostprocessing = 0;
		};
/* End PBXFrameworksBuildPhase section */

/* Begin PBXGroup section */
		6A8BF9CC09EB161478068C1C /* Frameworks */ = {
			isa = PBXGroup;
			children = (
				5088ECBCD7508BF98CC11094 /* Pods_MNews.framework */,
			);
			name = Frameworks;
			sourceTree = "<group>";
		};
		843B2E85247F7BAB0050A06C = {
			isa = PBXGroup;
			children = (
				843B2E90247F7BAB0050A06C /* MNews */,
				843B2E8F247F7BAB0050A06C /* Products */,
				E04409CA420939D9EB8341B0 /* Pods */,
				6A8BF9CC09EB161478068C1C /* Frameworks */,
			);
			sourceTree = "<group>";
		};
		843B2E8F247F7BAB0050A06C /* Products */ = {
			isa = PBXGroup;
			children = (
				843B2E8E247F7BAB0050A06C /* MNews.app */,
			);
			name = Products;
			sourceTree = "<group>";
		};
		843B2E90247F7BAB0050A06C /* MNews */ = {
			isa = PBXGroup;
			children = (
				843B2E91247F7BAB0050A06C /* AppDelegate.swift */,
				843B2E93247F7BAB0050A06C /* SceneDelegate.swift */,
				843B2EA5247F7ED10050A06C /* Controllers */,
				843B2EA7247F7EF60050A06C /* View */,
				843B2E9A247F7BAF0050A06C /* Assets.xcassets */,
				843B2E9C247F7BAF0050A06C /* LaunchScreen.storyboard */,
				843B2E9F247F7BAF0050A06C /* Info.plist */,
			);
			path = MNews;
			sourceTree = "<group>";
		};
		843B2EA5247F7ED10050A06C /* Controllers */ = {
			isa = PBXGroup;
			children = (
				843B2E95247F7BAB0050A06C /* NewsViewController.swift */,
				84160B24248E632F002F719B /* DetailViewController.swift */,
				8439F6CC247FD74100B2D2FC /* Empty.swift */,
			);
			path = Controllers;
			sourceTree = "<group>";
		};
		843B2EA7247F7EF60050A06C /* View */ = {
			isa = PBXGroup;
			children = (
				843B2E97247F7BAB0050A06C /* Main.storyboard */,
				84160B20248C3D34002F719B /* LoadingCell.swift */,
				84160B21248C3D34002F719B /* LoadingCell.xib */,
			);
			path = View;
			sourceTree = "<group>";
		};
		E04409CA420939D9EB8341B0 /* Pods */ = {
			isa = PBXGroup;
			children = (
				5537494C6164CA7E0B681C4F /* Pods-MNews.debug.xcconfig */,
				EF1C5DBC5620CE03D21CBE4C /* Pods-MNews.release.xcconfig */,
			);
			path = Pods;
			sourceTree = "<group>";
		};
/* End PBXGroup section */

/* Begin PBXNativeTarget section */
		843B2E8D247F7BAB0050A06C /* MNews */ = {
			isa = PBXNativeTarget;
			buildConfigurationList = 843B2EA2247F7BAF0050A06C /* Build configuration list for PBXNativeTarget "MNews" */;
			buildPhases = (
				6BED9ED0BC7B55206D08A68A /* [CP] Check Pods Manifest.lock */,
				843B2E8A247F7BAB0050A06C /* Sources */,
				843B2E8B247F7BAB0050A06C /* Frameworks */,
				843B2E8C247F7BAB0050A06C /* Resources */,
				9E5644C33B6980E899D09525 /* [CP] Embed Pods Frameworks */,
			);
			buildRules = (
			);
			dependencies = (
			);
			name = MNews;
			productName = MNews;
			productReference = 843B2E8E247F7BAB0050A06C /* MNews.app */;
			productType = "com.apple.product-type.application";
		};
/* End PBXNativeTarget section */

/* Begin PBXProject section */
		843B2E86247F7BAB0050A06C /* Project object */ = {
			isa = PBXProject;
			attributes = {
				LastSwiftUpdateCheck = 1140;
				LastUpgradeCheck = 1140;
				ORGANIZATIONNAME = Natali;
				TargetAttributes = {
					843B2E8D247F7BAB0050A06C = {
						CreatedOnToolsVersion = 11.4.1;
					};
				};
			};
			buildConfigurationList = 843B2E89247F7BAB0050A06C /* Build configuration list for PBXProject "MNews" */;
			compatibilityVersion = "Xcode 9.3";
			developmentRegion = en;
			hasScannedForEncodings = 0;
			knownRegions = (
				en,
				Base,
			);
			mainGroup = 843B2E85247F7BAB0050A06C;
			productRefGroup = 843B2E8F247F7BAB0050A06C /* Products */;
			projectDirPath = "";
			projectRoot = "";
			targets = (
				843B2E8D247F7BAB0050A06C /* MNews */,
			);
		};
/* End PBXProject section */

/* Begin PBXResourcesBuildPhase section */
		843B2E8C247F7BAB0050A06C /* Resources */ = {
			isa = PBXResourcesBuildPhase;
			buildActionMask = 2147483647;
			files = (
				843B2E9E247F7BAF0050A06C /* LaunchScreen.storyboard in Resources */,
				843B2E9B247F7BAF0050A06C /* Assets.xcassets in Resources */,
				84160B23248C3D34002F719B /* LoadingCell.xib in Resources */,
				843B2E99247F7BAB0050A06C /* Main.storyboard in Resources */,
			);
			runOnlyForDeploymentPostprocessing = 0;
		};
/* End PBXResourcesBuildPhase section */

/* Begin PBXShellScriptBuildPhase section */
		6BED9ED0BC7B55206D08A68A /* [CP] Check Pods Manifest.lock */ = {
			isa = PBXShellScriptBuildPhase;
			buildActionMask = 2147483647;
			files = (
			);
			inputFileListPaths = (
			);
			inputPaths = (
				"${PODS_PODFILE_DIR_PATH}/Podfile.lock",
				"${PODS_ROOT}/Manifest.lock",
			);
			name = "[CP] Check Pods Manifest.lock";
			outputFileListPaths = (
			);
			outputPaths = (
				"$(DERIVED_FILE_DIR)/Pods-MNews-checkManifestLockResult.txt",
			);
			runOnlyForDeploymentPostprocessing = 0;
			shellPath = /bin/sh;
			shellScript = "diff \"${PODS_PODFILE_DIR_PATH}/Podfile.lock\" \"${PODS_ROOT}/Manifest.lock\" > /dev/null\nif [ $? != 0 ] ; then\n    # print error to STDERR\n    echo \"error: The sandbox is not in sync with the Podfile.lock. Run 'pod install' or update your CocoaPods installation.\" >&2\n    exit 1\nfi\n# This output is used by Xcode 'outputs' to avoid re-running this script phase.\necho \"SUCCESS\" > \"${SCRIPT_OUTPUT_FILE_0}\"\n";
			showEnvVarsInLog = 0;
		};
		9E5644C33B6980E899D09525 /* [CP] Embed Pods Frameworks */ = {
			isa = PBXShellScriptBuildPhase;
			buildActionMask = 2147483647;
			files = (
			);
			inputFileListPaths = (
				"${PODS_ROOT}/Target Support Files/Pods-MNews/Pods-MNews-frameworks-${CONFIGURATION}-input-files.xcfilelist",
			);
			name = "[CP] Embed Pods Frameworks";
			outputFileListPaths = (
				"${PODS_ROOT}/Target Support Files/Pods-MNews/Pods-MNews-frameworks-${CONFIGURATION}-output-files.xcfilelist",
			);
			runOnlyForDeploymentPostprocessing = 0;
			shellPath = /bin/sh;
			shellScript = "\"${PODS_ROOT}/Target Support Files/Pods-MNews/Pods-MNews-frameworks.sh\"\n";
			showEnvVarsInLog = 0;
		};
/* End PBXShellScriptBuildPhase section */

/* Begin PBXSourcesBuildPhase section */
		843B2E8A247F7BAB0050A06C /* Sources */ = {
			isa = PBXSourcesBuildPhase;
			buildActionMask = 2147483647;
			files = (
				843B2E96247F7BAB0050A06C /* NewsViewController.swift in Sources */,
				843B2E92247F7BAB0050A06C /* AppDelegate.swift in Sources */,
				8439F6CD247FD74100B2D2FC /* Empty.swift in Sources */,
				84160B25248E632F002F719B /* DetailViewController.swift in Sources */,
				843B2E94247F7BAB0050A06C /* SceneDelegate.swift in Sources */,
				84160B22248C3D34002F719B /* LoadingCell.swift in Sources */,
			);
			runOnlyForDeploymentPostprocessing = 0;
		};
/* End PBXSourcesBuildPhase section */

/* Begin PBXVariantGroup section */
		843B2E97247F7BAB0050A06C /* Main.storyboard */ = {
			isa = PBXVariantGroup;
			children = (
				843B2E98247F7BAB0050A06C /* Base */,
			);
			name = Main.storyboard;
			sourceTree = "<group>";
		};
		843B2E9C247F7BAF0050A06C /* LaunchScreen.storyboard */ = {
			isa = PBXVariantGroup;
			children = (
				843B2E9D247F7BAF0050A06C /* Base */,
			);
			name = LaunchScreen.storyboard;
			sourceTree = "<group>";
		};
/* End PBXVariantGroup section */

/* Begin XCBuildConfiguration section */
		843B2EA0247F7BAF0050A06C /* Debug */ = {
			isa = XCBuildConfiguration;
			buildSettings = {
				ALWAYS_SEARCH_USER_PATHS = NO;
				CLANG_ANALYZER_NONNULL = YES;
				CLANG_ANALYZER_NUMBER_OBJECT_CONVERSION = YES_AGGRESSIVE;
				CLANG_CXX_LANGUAGE_STANDARD = "gnu++14";
				CLANG_CXX_LIBRARY = "libc++";
				CLANG_ENABLE_MODULES = YES;
				CLANG_ENABLE_OBJC_ARC = YES;
				CLANG_ENABLE_OBJC_WEAK = YES;
				CLANG_WARN_BLOCK_CAPTURE_AUTORELEASING = YES;
				CLANG_WARN_BOOL_CONVERSION = YES;
				CLANG_WARN_COMMA = YES;
				CLANG_WARN_CONSTANT_CONVERSION = YES;
				CLANG_WARN_DEPRECATED_OBJC_IMPLEMENTATIONS = YES;
				CLANG_WARN_DIRECT_OBJC_ISA_USAGE = YES_ERROR;
				CLANG_WARN_DOCUMENTATION_COMMENTS = YES;
				CLANG_WARN_EMPTY_BODY = YES;
				CLANG_WARN_ENUM_CONVERSION = YES;
				CLANG_WARN_INFINITE_RECURSION = YES;
				CLANG_WARN_INT_CONVERSION = YES;
				CLANG_WARN_NON_LITERAL_NULL_CONVERSION = YES;
				CLANG_WARN_OBJC_IMPLICIT_RETAIN_SELF = YES;
				CLANG_WARN_OBJC_LITERAL_CONVERSION = YES;
				CLANG_WARN_OBJC_ROOT_CLASS = YES_ERROR;
				CLANG_WARN_RANGE_LOOP_ANALYSIS = YES;
				CLANG_WARN_STRICT_PROTOTYPES = YES;
				CLANG_WARN_SUSPICIOUS_MOVE = YES;
				CLANG_WARN_UNGUARDED_AVAILABILITY = YES_AGGRESSIVE;
				CLANG_WARN_UNREACHABLE_CODE = YES;
				CLANG_WARN__DUPLICATE_METHOD_MATCH = YES;
				COPY_PHASE_STRIP = NO;
				DEBUG_INFORMATION_FORMAT = dwarf;
				ENABLE_STRICT_OBJC_MSGSEND = YES;
				ENABLE_TESTABILITY = YES;
				GCC_C_LANGUAGE_STANDARD = gnu11;
				GCC_DYNAMIC_NO_PIC = NO;
				GCC_NO_COMMON_BLOCKS = YES;
				GCC_OPTIMIZATION_LEVEL = 0;
				GCC_PREPROCESSOR_DEFINITIONS = (
					"DEBUG=1",
					"$(inherited)",
				);
				GCC_WARN_64_TO_32_BIT_CONVERSION = YES;
				GCC_WARN_ABOUT_RETURN_TYPE = YES_ERROR;
				GCC_WARN_UNDECLARED_SELECTOR = YES;
				GCC_WARN_UNINITIALIZED_AUTOS = YES_AGGRESSIVE;
				GCC_WARN_UNUSED_FUNCTION = YES;
				GCC_WARN_UNUSED_VARIABLE = YES;
				IPHONEOS_DEPLOYMENT_TARGET = 13.4;
				MTL_ENABLE_DEBUG_INFO = INCLUDE_SOURCE;
				MTL_FAST_MATH = YES;
				ONLY_ACTIVE_ARCH = YES;
				SDKROOT = iphoneos;
				SWIFT_ACTIVE_COMPILATION_CONDITIONS = DEBUG;
				SWIFT_OPTIMIZATION_LEVEL = "-Onone";
			};
			name = Debug;
		};
		843B2EA1247F7BAF0050A06C /* Release */ = {
			isa = XCBuildConfiguration;
			buildSettings = {
				ALWAYS_SEARCH_USER_PATHS = NO;
				CLANG_ANALYZER_NONNULL = YES;
				CLANG_ANALYZER_NUMBER_OBJECT_CONVERSION = YES_AGGRESSIVE;
				CLANG_CXX_LANGUAGE_STANDARD = "gnu++14";
				CLANG_CXX_LIBRARY = "libc++";
				CLANG_ENABLE_MODULES = YES;
				CLANG_ENABLE_OBJC_ARC = YES;
				CLANG_ENABLE_OBJC_WEAK = YES;
				CLANG_WARN_BLOCK_CAPTURE_AUTORELEASING = YES;
				CLANG_WARN_BOOL_CONVERSION = YES;
				CLANG_WARN_COMMA = YES;
				CLANG_WARN_CONSTANT_CONVERSION = YES;
				CLANG_WARN_DEPRECATED_OBJC_IMPLEMENTATIONS = YES;
				CLANG_WARN_DIRECT_OBJC_ISA_USAGE = YES_ERROR;
				CLANG_WARN_DOCUMENTATION_COMMENTS = YES;
				CLANG_WARN_EMPTY_BODY = YES;
				CLANG_WARN_ENUM_CONVERSION = YES;
				CLANG_WARN_INFINITE_RECURSION = YES;
				CLANG_WARN_INT_CONVERSION = YES;
				CLANG_WARN_NON_LITERAL_NULL_CONVERSION = YES;
				CLANG_WARN_OBJC_IMPLICIT_RETAIN_SELF = YES;
				CLANG_WARN_OBJC_LITERAL_CONVERSION = YES;
				CLANG_WARN_OBJC_ROOT_CLASS = YES_ERROR;
				CLANG_WARN_RANGE_LOOP_ANALYSIS = YES;
				CLANG_WARN_STRICT_PROTOTYPES = YES;
				CLANG_WARN_SUSPICIOUS_MOVE = YES;
				CLANG_WARN_UNGUARDED_AVAILABILITY = YES_AGGRESSIVE;
				CLANG_WARN_UNREACHABLE_CODE = YES;
				CLANG_WARN__DUPLICATE_METHOD_MATCH = YES;
				COPY_PHASE_STRIP = NO;
				DEBUG_INFORMATION_FORMAT = "dwarf-with-dsym";
				ENABLE_NS_ASSERTIONS = NO;
				ENABLE_STRICT_OBJC_MSGSEND = YES;
				GCC_C_LANGUAGE_STANDARD = gnu11;
				GCC_NO_COMMON_BLOCKS = YES;
				GCC_WARN_64_TO_32_BIT_CONVERSION = YES;
				GCC_WARN_ABOUT_RETURN_TYPE = YES_ERROR;
				GCC_WARN_UNDECLARED_SELECTOR = YES;
				GCC_WARN_UNINITIALIZED_AUTOS = YES_AGGRESSIVE;
				GCC_WARN_UNUSED_FUNCTION = YES;
				GCC_WARN_UNUSED_VARIABLE = YES;
				IPHONEOS_DEPLOYMENT_TARGET = 13.4;
				MTL_ENABLE_DEBUG_INFO = NO;
				MTL_FAST_MATH = YES;
				SDKROOT = iphoneos;
				SWIFT_COMPILATION_MODE = wholemodule;
				SWIFT_OPTIMIZATION_LEVEL = "-O";
				VALIDATE_PRODUCT = YES;
			};
			name = Release;
		};
		843B2EA3247F7BAF0050A06C /* Debug */ = {
			isa = XCBuildConfiguration;
			baseConfigurationReference = 5537494C6164CA7E0B681C4F /* Pods-MNews.debug.xcconfig */;
			buildSettings = {
				ASSETCATALOG_COMPILER_APPICON_NAME = AppIcon;
				CODE_SIGN_STYLE = Automatic;
				DEVELOPMENT_TEAM = QSXLP7SN7B;
				INFOPLIST_FILE = MNews/Info.plist;
				LD_RUNPATH_SEARCH_PATHS = (
					"$(inherited)",
					"@executable_path/Frameworks",
				);
				PRODUCT_BUNDLE_IDENTIFIER = com.natali.MNews;
				PRODUCT_NAME = "$(TARGET_NAME)";
				SWIFT_VERSION = 5.0;
				TARGETED_DEVICE_FAMILY = "1,2";
			};
			name = Debug;
		};
		843B2EA4247F7BAF0050A06C /* Release */ = {
			isa = XCBuildConfiguration;
			baseConfigurationReference = EF1C5DBC5620CE03D21CBE4C /* Pods-MNews.release.xcconfig */;
			buildSettings = {
				ASSETCATALOG_COMPILER_APPICON_NAME = AppIcon;
				CODE_SIGN_STYLE = Automatic;
				DEVELOPMENT_TEAM = QSXLP7SN7B;
				INFOPLIST_FILE = MNews/Info.plist;
				LD_RUNPATH_SEARCH_PATHS = (
					"$(inherited)",
					"@executable_path/Frameworks",
				);
				PRODUCT_BUNDLE_IDENTIFIER = com.natali.MNews;
				PRODUCT_NAME = "$(TARGET_NAME)";
				SWIFT_VERSION = 5.0;
				TARGETED_DEVICE_FAMILY = "1,2";
			};
			name = Release;
		};
/* End XCBuildConfiguration section */

/* Begin XCConfigurationList section */
		843B2E89247F7BAB0050A06C /* Build configuration list for PBXProject "MNews" */ = {
			isa = XCConfigurationList;
			buildConfigurations = (
				843B2EA0247F7BAF0050A06C /* Debug */,
				843B2EA1247F7BAF0050A06C /* Release */,
			);
			defaultConfigurationIsVisible = 0;
			defaultConfigurationName = Release;
		};
		843B2EA2247F7BAF0050A06C /* Build configuration list for PBXNativeTarget "MNews" */ = {
			isa = XCConfigurationList;
			buildConfigurations = (
				843B2EA3247F7BAF0050A06C /* Debug */,
				843B2EA4247F7BAF0050A06C /* Release */,
			);
			defaultConfigurationIsVisible = 0;
			defaultConfigurationName = Release;
		};
/* End XCConfigurationList section */
	};
	rootObject = 843B2E86247F7BAB0050A06C /* Project object */;
}
